
Microsoft Visual Studio Solution File, Format Version 12.00
# Visual Studio 15
VisualStudioVersion = 15.0.28307.168
MinimumVisualStudioVersion = 10.0.40219.1
Project("{FAE04EC0-301F-11D3-BF4B-00C04F79EFBC}") = "WpfRecord", "WpfRecord\WpfRecord.csproj", "{15D4F7DD-63F3-400E-B29B-7FF7134CB12B}"
EndProject
Global
	GlobalSection(SolutionConfigurationPlatforms) = preSolution
		Debug|Any CPU = Debug|Any CPU
		Release|Any CPU = Release|Any CPU
	EndGlobalSection
	GlobalSection(ProjectConfigurationPlatforms) = postSolution
		{15D4F7DD-63F3-400E-B29B-7FF7134CB12B}.Debug|Any CPU.ActiveCfg = Debug|Any CPU
		{15D4F7DD-63F3-400E-B29B-7FF7134CB12B}.Debug|Any CPU.Build.0 = Debug|Any CPU
		{15D4F7DD-63F3-400E-B29B-7FF7134CB12B}.Release|Any CPU.ActiveCfg = Release|Any CPU
		{15D4F7DD-63F3-400E-B29B-7FF7134CB12B}.Release|Any CPU.Build.0 = Release|Any CPU
	EndGlobalSection
	GlobalSection(SolutionProperties) = preSolution
		HideSolutionNode = FALSE
	EndGlobalSection
	GlobalSection(ExtensibilityGlobals) = postSolution
		SolutionGuid = {A646B97F-05B8-412A-A5A5-D423856F2DE0}
	EndGlobalSection
EndGlobal
